
Microsoft Visual Studio Solution File, Format Version 12.00
# Visual Studio Version 17
VisualStudioVersion = 17.8.34330.188
MinimumVisualStudioVersion = 10.0.40219.1
Project("{FAE04EC0-301F-11D3-BF4B-00C04F79EFBC}") = "ApiOAuthPractica", "ApiOAuthPractica\ApiOAuthPractica.csproj", "{A43FC425-3186-4D03-AB96-E07CDB647E6F}"
EndProject
Global
	GlobalSection(SolutionConfigurationPlatforms) = preSolution
		Debug|Any CPU = Debug|Any CPU
		Release|Any CPU = Release|Any CPU
	EndGlobalSection
	GlobalSection(ProjectConfigurationPlatforms) = postSolution
		{A43FC425-3186-4D03-AB96-E07CDB647E6F}.Debug|Any CPU.ActiveCfg = Debug|Any CPU
		{A43FC425-3186-4D03-AB96-E07CDB647E6F}.Debug|Any CPU.Build.0 = Debug|Any CPU
		{A43FC425-3186-4D03-AB96-E07CDB647E6F}.Release|Any CPU.ActiveCfg = Release|Any CPU
		{A43FC425-3186-4D03-AB96-E07CDB647E6F}.Release|Any CPU.Build.0 = Release|Any CPU
	EndGlobalSection
	GlobalSection(SolutionProperties) = preSolution
		HideSolutionNode = FALSE
	EndGlobalSection
	GlobalSection(ExtensibilityGlobals) = postSolution
		SolutionGuid = {64652EBD-418C-4056-9806-C5531C90FCA2}
	EndGlobalSection
EndGlobal
